// !$*UTF8*$!
{
	archiveVersion = 1;
	classes = {
	};
	objectVersion = 50;
	objects = {

/* Begin PBXBuildFile section */
		37EE578921396610007D1607 /* AppDelegate.swift in Sources */ = {isa = PBXBuildFile; fileRef = 37EE578821396610007D1607 /* AppDelegate.swift */; };
		37EE578B21396611007D1607 /* HomeViewController.swift in Sources */ = {isa = PBXBuildFile; fileRef = 37EE578A21396611007D1607 /* HomeViewController.swift */; };
		37EE578E21396611007D1607 /* Main.storyboard in Resources */ = {isa = PBXBuildFile; fileRef = 37EE578C21396611007D1607 /* Main.storyboard */; };
		37EE579021396611007D1607 /* Assets.xcassets in Resources */ = {isa = PBXBuildFile; fileRef = 37EE578F21396611007D1607 /* Assets.xcassets */; };
		37EE579321396611007D1607 /* LaunchScreen.storyboard in Resources */ = {isa = PBXBuildFile; fileRef = 37EE579121396611007D1607 /* LaunchScreen.storyboard */; };
		37EE579F21396692007D1607 /* ImagedCellViewController.swift in Sources */ = {isa = PBXBuildFile; fileRef = 37EE579B21396691007D1607 /* ImagedCellViewController.swift */; };
		37EE57A021396692007D1607 /* DelayImagedCellViewController.swift in Sources */ = {isa = PBXBuildFile; fileRef = 37EE579C21396692007D1607 /* DelayImagedCellViewController.swift */; };
		37EE57A121396692007D1607 /* LabelCell.swift in Sources */ = {isa = PBXBuildFile; fileRef = 37EE579D21396692007D1607 /* LabelCell.swift */; };
		37EE57A221396692007D1607 /* DelayedCell.swift in Sources */ = {isa = PBXBuildFile; fileRef = 37EE579E21396692007D1607 /* DelayedCell.swift */; };
/* End PBXBuildFile section */

/* Begin PBXFileReference section */
		37EE578521396610007D1607 /* iOSPerformanceTest.app */ = {isa = PBXFileReference; explicitFileType = wrapper.application; includeInIndex = 0; path = iOSPerformanceTest.app; sourceTree = BUILT_PRODUCTS_DIR; };
		37EE578821396610007D1607 /* AppDelegate.swift */ = {isa = PBXFileReference; lastKnownFileType = sourcecode.swift; path = AppDelegate.swift; sourceTree = "<group>"; };
		37EE578A21396611007D1607 /* HomeViewController.swift */ = {isa = PBXFileReference; lastKnownFileType = sourcecode.swift; path = HomeViewController.swift; sourceTree = "<group>"; };
		37EE578D21396611007D1607 /* Base */ = {isa = PBXFileReference; lastKnownFileType = file.storyboard; name = Base; path = Base.lproj/Main.storyboard; sourceTree = "<group>"; };
		37EE578F21396611007D1607 /* Assets.xcassets */ = {isa = PBXFileReference; lastKnownFileType = folder.assetcatalog; path = Assets.xcassets; sourceTree = "<group>"; };
		37EE579221396611007D1607 /* Base */ = {isa = PBXFileReference; lastKnownFileType = file.storyboard; name = Base; path = Base.lproj/LaunchScreen.storyboard; sourceTree = "<group>"; };
		37EE579421396611007D1607 /* Info.plist */ = {isa = PBXFileReference; lastKnownFileType = text.plist.xml; path = Info.plist; sourceTree = "<group>"; };
		37EE579B21396691007D1607 /* ImagedCellViewController.swift */ = {isa = PBXFileReference; fileEncoding = 4; lastKnownFileType = sourcecode.swift; path = ImagedCellViewController.swift; sourceTree = "<group>"; };
		37EE579C21396692007D1607 /* DelayImagedCellViewController.swift */ = {isa = PBXFileReference; fileEncoding = 4; lastKnownFileType = sourcecode.swift; path = DelayImagedCellViewController.swift; sourceTree = "<group>"; };
		37EE579D21396692007D1607 /* LabelCell.swift */ = {isa = PBXFileReference; fileEncoding = 4; lastKnownFileType = sourcecode.swift; path = LabelCell.swift; sourceTree = "<group>"; };
		37EE579E21396692007D1607 /* DelayedCell.swift */ = {isa = PBXFileReference; fileEncoding = 4; lastKnownFileType = sourcecode.swift; path = DelayedCell.swift; sourceTree = "<group>"; };
/* End PBXFileReference section */

/* Begin PBXFrameworksBuildPhase section */
		37EE578221396610007D1607 /* Frameworks */ = {
			isa = PBXFrameworksBuildPhase;
			buildActionMask = 2147483647;
			files = (
			);
			runOnlyForDeploymentPostprocessing = 0;
		};
/* End PBXFrameworksBuildPhase section */

/* Begin PBXGroup section */
		37EE577C21396610007D1607 = {
			isa = PBXGroup;
			children = (
				37EE578721396610007D1607 /* iOSPerformanceTest */,
				37EE578621396610007D1607 /* Products */,
			);
			sourceTree = "<group>";
		};
		37EE578621396610007D1607 /* Products */ = {
			isa = PBXGroup;
			children = (
				37EE578521396610007D1607 /* iOSPerformanceTest.app */,
			);
			name = Products;
			sourceTree = "<group>";
		};
		37EE578721396610007D1607 /* iOSPerformanceTest */ = {
			isa = PBXGroup;
			children = (
				37EE578821396610007D1607 /* AppDelegate.swift */,
				37EE578A21396611007D1607 /* HomeViewController.swift */,
				37EE579A2139667D007D1607 /* ImagedCell */,
				37EE578C21396611007D1607 /* Main.storyboard */,
				37EE578F21396611007D1607 /* Assets.xcassets */,
				37EE579121396611007D1607 /* LaunchScreen.storyboard */,
				37EE579421396611007D1607 /* Info.plist */,
			);
			path = iOSPerformanceTest;
			sourceTree = "<group>";
		};
		37EE579A2139667D007D1607 /* ImagedCell */ = {
			isa = PBXGroup;
			children = (
				37EE579B21396691007D1607 /* ImagedCellViewController.swift */,
				37EE579C21396692007D1607 /* DelayImagedCellViewController.swift */,
				37EE579D21396692007D1607 /* LabelCell.swift */,
				37EE579E21396692007D1607 /* DelayedCell.swift */,
			);
			path = ImagedCell;
			sourceTree = "<group>";
		};
/* End PBXGroup section */

/* Begin PBXNativeTarget section */
		37EE578421396610007D1607 /* iOSPerformanceTest */ = {
			isa = PBXNativeTarget;
			buildConfigurationList = 37EE579721396611007D1607 /* Build configuration list for PBXNativeTarget "iOSPerformanceTest" */;
			buildPhases = (
				37EE578121396610007D1607 /* Sources */,
				37EE578221396610007D1607 /* Frameworks */,
				37EE578321396610007D1607 /* Resources */,
			);
			buildRules = (
			);
			dependencies = (
			);
			name = iOSPerformanceTest;
			productName = iOSPerformanceTest;
			productReference = 37EE578521396610007D1607 /* iOSPerformanceTest.app */;
			productType = "com.apple.product-type.application";
		};
/* End PBXNativeTarget section */

/* Begin PBXProject section */
		37EE577D21396610007D1607 /* Project object */ = {
			isa = PBXProject;
			attributes = {
				LastSwiftUpdateCheck = 0940;
				LastUpgradeCheck = 0940;
				ORGANIZATIONNAME = kenta;
				TargetAttributes = {
					37EE578421396610007D1607 = {
						CreatedOnToolsVersion = 9.4.1;
					};
				};
			};
			buildConfigurationList = 37EE578021396610007D1607 /* Build configuration list for PBXProject "iOSPerformanceTest" */;
			compatibilityVersion = "Xcode 9.3";
			developmentRegion = en;
			hasScannedForEncodings = 0;
			knownRegions = (
				en,
				Base,
			);
			mainGroup = 37EE577C21396610007D1607;
			productRefGroup = 37EE578621396610007D1607 /* Products */;
			projectDirPath = "";
			projectRoot = "";
			targets = (
				37EE578421396610007D1607 /* iOSPerformanceTest */,
			);
		};
/* End PBXProject section */

/* Begin PBXResourcesBuildPhase section */
		37EE578321396610007D1607 /* Resources */ = {
			isa = PBXResourcesBuildPhase;
			buildActionMask = 2147483647;
			files = (
				37EE579321396611007D1607 /* LaunchScreen.storyboard in Resources */,
				37EE579021396611007D1607 /* Assets.xcassets in Resources */,
				37EE578E21396611007D1607 /* Main.storyboard in Resources */,
			);
			runOnlyForDeploymentPostprocessing = 0;
		};
/* End PBXResourcesBuildPhase section */

/* Begin PBXSourcesBuildPhase section */
		37EE578121396610007D1607 /* Sources */ = {
			isa = PBXSourcesBuildPhase;
			buildActionMask = 2147483647;
			files = (
				37EE579F21396692007D1607 /* ImagedCellViewController.swift in Sources */,
				37EE578B21396611007D1607 /* HomeViewController.swift in Sources */,
				37EE57A221396692007D1607 /* DelayedCell.swift in Sources */,
				37EE57A121396692007D1607 /* LabelCell.swift in Sources */,
				37EE57A021396692007D1607 /* DelayImagedCellViewController.swift in Sources */,
				37EE578921396610007D1607 /* AppDelegate.swift in Sources */,
			);
			runOnlyForDeploymentPostprocessing = 0;
		};
/* End PBXSourcesBuildPhase section */

/* Begin PBXVariantGroup section */
		37EE578C21396611007D1607 /* Main.storyboard */ = {
			isa = PBXVariantGroup;
			children = (
				37EE578D21396611007D1607 /* Base */,
			);
			name = Main.storyboard;
			sourceTree = "<group>";
		};
		37EE579121396611007D1607 /* LaunchScreen.storyboard */ = {
			isa = PBXVariantGroup;
			children = (
				37EE579221396611007D1607 /* Base */,
			);
			name = LaunchScreen.storyboard;
			sourceTree = "<group>";
		};
/* End PBXVariantGroup section */

/* Begin XCBuildConfiguration section */
		37EE579521396611007D1607 /* Debug */ = {
			isa = XCBuildConfiguration;
			buildSettings = {
				ALWAYS_SEARCH_USER_PATHS = NO;
				CLANG_ANALYZER_NONNULL = YES;
				CLANG_ANALYZER_NUMBER_OBJECT_CONVERSION = YES_AGGRESSIVE;
				CLANG_CXX_LANGUAGE_STANDARD = "gnu++14";
				CLANG_CXX_LIBRARY = "libc++";
				CLANG_ENABLE_MODULES = YES;
				CLANG_ENABLE_OBJC_ARC = YES;
				CLANG_ENABLE_OBJC_WEAK = YES;
				CLANG_WARN_BLOCK_CAPTURE_AUTORELEASING = YES;
				CLANG_WARN_BOOL_CONVERSION = YES;
				CLANG_WARN_COMMA = YES;
				CLANG_WARN_CONSTANT_CONVERSION = YES;
				CLANG_WARN_DEPRECATED_OBJC_IMPLEMENTATIONS = YES;
				CLANG_WARN_DIRECT_OBJC_ISA_USAGE = YES_ERROR;
				CLANG_WARN_DOCUMENTATION_COMMENTS = YES;
				CLANG_WARN_EMPTY_BODY = YES;
				CLANG_WARN_ENUM_CONVERSION = YES;
				CLANG_WARN_INFINITE_RECURSION = YES;
				CLANG_WARN_INT_CONVERSION = YES;
				CLANG_WARN_NON_LITERAL_NULL_CONVERSION = YES;
				CLANG_WARN_OBJC_IMPLICIT_RETAIN_SELF = YES;
				CLANG_WARN_OBJC_LITERAL_CONVERSION = YES;
				CLANG_WARN_OBJC_ROOT_CLASS = YES_ERROR;
				CLANG_WARN_RANGE_LOOP_ANALYSIS = YES;
				CLANG_WARN_STRICT_PROTOTYPES = YES;
				CLANG_WARN_SUSPICIOUS_MOVE = YES;
				CLANG_WARN_UNGUARDED_AVAILABILITY = YES_AGGRESSIVE;
				CLANG_WARN_UNREACHABLE_CODE = YES;
				CLANG_WARN__DUPLICATE_METHOD_MATCH = YES;
				CODE_SIGN_IDENTITY = "iPhone Developer";
				COPY_PHASE_STRIP = NO;
				DEBUG_INFORMATION_FORMAT = dwarf;
				ENABLE_STRICT_OBJC_MSGSEND = YES;
				ENABLE_TESTABILITY = YES;
				GCC_C_LANGUAGE_STANDARD = gnu11;
				GCC_DYNAMIC_NO_PIC = NO;
				GCC_NO_COMMON_BLOCKS = YES;
				GCC_OPTIMIZATION_LEVEL = 0;
				GCC_PREPROCESSOR_DEFINITIONS = (
					"DEBUG=1",
					"$(inherited)",
				);
				GCC_WARN_64_TO_32_BIT_CONVERSION = YES;
				GCC_WARN_ABOUT_RETURN_TYPE = YES_ERROR;
				GCC_WARN_UNDECLARED_SELECTOR = YES;
				GCC_WARN_UNINITIALIZED_AUTOS = YES_AGGRESSIVE;
				GCC_WARN_UNUSED_FUNCTION = YES;
				GCC_WARN_UNUSED_VARIABLE = YES;
				IPHONEOS_DEPLOYMENT_TARGET = 11.4;
				MTL_ENABLE_DEBUG_INFO = YES;
				ONLY_ACTIVE_ARCH = YES;
				SDKROOT = iphoneos;
				SWIFT_ACTIVE_COMPILATION_CONDITIONS = DEBUG;
				SWIFT_OPTIMIZATION_LEVEL = "-Onone";
			};
			name = Debug;
		};
		37EE579621396611007D1607 /* Release */ = {
			isa = XCBuildConfiguration;
			buildSettings = {
				ALWAYS_SEARCH_USER_PATHS = NO;
				CLANG_ANALYZER_NONNULL = YES;
				CLANG_ANALYZER_NUMBER_OBJECT_CONVERSION = YES_AGGRESSIVE;
				CLANG_CXX_LANGUAGE_STANDARD = "gnu++14";
				CLANG_CXX_LIBRARY = "libc++";
				CLANG_ENABLE_MODULES = YES;
				CLANG_ENABLE_OBJC_ARC = YES;
				CLANG_ENABLE_OBJC_WEAK = YES;
				CLANG_WARN_BLOCK_CAPTURE_AUTORELEASING = YES;
				CLANG_WARN_BOOL_CONVERSION = YES;
				CLANG_WARN_COMMA = YES;
				CLANG_WARN_CONSTANT_CONVERSION = YES;
				CLANG_WARN_DEPRECATED_OBJC_IMPLEMENTATIONS = YES;
				CLANG_WARN_DIRECT_OBJC_ISA_USAGE = YES_ERROR;
				CLANG_WARN_DOCUMENTATION_COMMENTS = YES;
				CLANG_WARN_EMPTY_BODY = YES;
				CLANG_WARN_ENUM_CONVERSION = YES;
				CLANG_WARN_INFINITE_RECURSION = YES;
				CLANG_WARN_INT_CONVERSION = YES;
				CLANG_WARN_NON_LITERAL_NULL_CONVERSION = YES;
				CLANG_WARN_OBJC_IMPLICIT_RETAIN_SELF = YES;
				CLANG_WARN_OBJC_LITERAL_CONVERSION = YES;
				CLANG_WARN_OBJC_ROOT_CLASS = YES_ERROR;
				CLANG_WARN_RANGE_LOOP_ANALYSIS = YES;
				CLANG_WARN_STRICT_PROTOTYPES = YES;
				CLANG_WARN_SUSPICIOUS_MOVE = YES;
				CLANG_WARN_UNGUARDED_AVAILABILITY = YES_AGGRESSIVE;
				CLANG_WARN_UNREACHABLE_CODE = YES;
				CLANG_WARN__DUPLICATE_METHOD_MATCH = YES;
				CODE_SIGN_IDENTITY = "iPhone Developer";
				COPY_PHASE_STRIP = NO;
				DEBUG_INFORMATION_FORMAT = "dwarf-with-dsym";
				ENABLE_NS_ASSERTIONS = NO;
				ENABLE_STRICT_OBJC_MSGSEND = YES;
				GCC_C_LANGUAGE_STANDARD = gnu11;
				GCC_NO_COMMON_BLOCKS = YES;
				GCC_WARN_64_TO_32_BIT_CONVERSION = YES;
				GCC_WARN_ABOUT_RETURN_TYPE = YES_ERROR;
				GCC_WARN_UNDECLARED_SELECTOR = YES;
				GCC_WARN_UNINITIALIZED_AUTOS = YES_AGGRESSIVE;
				GCC_WARN_UNUSED_FUNCTION = YES;
				GCC_WARN_UNUSED_VARIABLE = YES;
				IPHONEOS_DEPLOYMENT_TARGET = 11.4;
				MTL_ENABLE_DEBUG_INFO = NO;
				SDKROOT = iphoneos;
				SWIFT_COMPILATION_MODE = wholemodule;
				SWIFT_OPTIMIZATION_LEVEL = "-O";
				VALIDATE_PRODUCT = YES;
			};
			name = Release;
		};
		37EE579821396611007D1607 /* Debug */ = {
			isa = XCBuildConfiguration;
			buildSettings = {
				ASSETCATALOG_COMPILER_APPICON_NAME = AppIcon;
				CODE_SIGN_STYLE = Automatic;
				DEBUG_INFORMATION_FORMAT = "dwarf-with-dsym";
				DEVELOPMENT_TEAM = R3M694BK62;
				GCC_OPTIMIZATION_LEVEL = s;
				INFOPLIST_FILE = iOSPerformanceTest/Info.plist;
				LD_RUNPATH_SEARCH_PATHS = (
					"$(inherited)",
					"@executable_path/Frameworks",
				);
				PRODUCT_BUNDLE_IDENTIFIER = com.gmail.side.junktown.iOSPerformanceTest;
				PRODUCT_NAME = "$(TARGET_NAME)";
				SWIFT_VERSION = 4.0;
				TARGETED_DEVICE_FAMILY = "1,2";
			};
			name = Debug;
		};
		37EE579921396611007D1607 /* Release */ = {
			isa = XCBuildConfiguration;
			buildSettings = {
				ASSETCATALOG_COMPILER_APPICON_NAME = AppIcon;
				CODE_SIGN_STYLE = Automatic;
				DEBUG_INFORMATION_FORMAT = "dwarf-with-dsym";
				DEVELOPMENT_TEAM = R3M694BK62;
				INFOPLIST_FILE = iOSPerformanceTest/Info.plist;
				LD_RUNPATH_SEARCH_PATHS = (
					"$(inherited)",
					"@executable_path/Frameworks",
				);
				PRODUCT_BUNDLE_IDENTIFIER = com.gmail.side.junktown.iOSPerformanceTest;
				PRODUCT_NAME = "$(TARGET_NAME)";
				SWIFT_VERSION = 4.0;
				TARGETED_DEVICE_FAMILY = "1,2";
			};
			name = Release;
		};
/* End XCBuildConfiguration section */

/* Begin XCConfigurationList section */
		37EE578021396610007D1607 /* Build configuration list for PBXProject "iOSPerformanceTest" */ = {
			isa = XCConfigurationList;
			buildConfigurations = (
				37EE579521396611007D1607 /* Debug */,
				37EE579621396611007D1607 /* Release */,
			);
			defaultConfigurationIsVisible = 0;
			defaultConfigurationName = Release;
		};
		37EE579721396611007D1607 /* Build configuration list for PBXNativeTarget "iOSPerformanceTest" */ = {
			isa = XCConfigurationList;
			buildConfigurations = (
				37EE579821396611007D1607 /* Debug */,
				37EE579921396611007D1607 /* Release */,
			);
			defaultConfigurationIsVisible = 0;
			defaultConfigurationName = Release;
		};
/* End XCConfigurationList section */
	};
	rootObject = 37EE577D21396610007D1607 /* Project object */;
}
