// !$*UTF8*$!
{
	archiveVersion = 1;
	classes = {
	};
	objectVersion = 50;
	objects = {

/* Begin PBXBuildFile section */
		37EE578921396610007D1607 /* AppDelegate.swift in Sources */ = {isa = PBXBuildFile; fileRef = 37EE578821396610007D1607 /* AppDelegate.swift */; };
		37EE578B21396611007D1607 /* HomeViewController.swift in Sources */ = {isa = PBXBuildFile; fileRef = 37EE578A21396611007D1607 /* HomeViewController.swift */; };
		37EE578E21396611007D1607 /* Main.storyboard in Resources */ = {isa = PBXBuildFile; fileRef = 37EE578C21396611007D1607 /* Main.storyboard */; };
		37EE579021396611007D1607 /* Assets.xcassets in Resources */ = {isa = PBXBuildFile; fileRef = 37EE578F21396611007D1607 /* Assets.xcassets */; };
		37EE579321396611007D1607 /* LaunchScreen.storyboard in Resources */ = {isa = PBXBuildFile; fileRef = 37EE579121396611007D1607 /* LaunchScreen.storyboard */; };
		37EE579F21396692007D1607 /* SICNormalViewController.swift in Sources */ = {isa = PBXBuildFile; fileRef = 37EE579B21396691007D1607 /* SICNormalViewController.swift */; };
		37EE57A021396692007D1607 /* SICImagedViewController.swift in Sources */ = {isa = PBXBuildFile; fileRef = 37EE579C21396692007D1607 /* SICImagedViewController.swift */; };
		37EE57A121396692007D1607 /* LabelCell.swift in Sources */ = {isa = PBXBuildFile; fileRef = 37EE579D21396692007D1607 /* LabelCell.swift */; };
		37EE57A221396692007D1607 /* DelayedCell.swift in Sources */ = {isa = PBXBuildFile; fileRef = 37EE579E21396692007D1607 /* DelayedCell.swift */; };
		37EE57A521396BEC007D1607 /* LSITextureAtlasViewController.swift in Sources */ = {isa = PBXBuildFile; fileRef = 37EE57A421396BEC007D1607 /* LSITextureAtlasViewController.swift */; };
		37EE57A821396C0C007D1607 /* ImageCell.swift in Sources */ = {isa = PBXBuildFile; fileRef = 37EE57A721396C0C007D1607 /* ImageCell.swift */; };
		37EE57AA21396C30007D1607 /* Util.swift in Sources */ = {isa = PBXBuildFile; fileRef = 37EE57A921396C30007D1607 /* Util.swift */; };
		37EE57AC21396C4A007D1607 /* LSINormalViewController.swift in Sources */ = {isa = PBXBuildFile; fileRef = 37EE57AB21396C4A007D1607 /* LSINormalViewController.swift */; };
		37EE57AE21396C51007D1607 /* Icon.swift in Sources */ = {isa = PBXBuildFile; fileRef = 37EE57AD21396C51007D1607 /* Icon.swift */; };
		37EE57B021396C57007D1607 /* icons.atlas in Resources */ = {isa = PBXBuildFile; fileRef = 37EE57AF21396C57007D1607 /* icons.atlas */; };
		37F76995213978B60096D1AE /* LSILazySetViewController.swift in Sources */ = {isa = PBXBuildFile; fileRef = 37F76994213978B60096D1AE /* LSILazySetViewController.swift */; };
		37F7699721397C8C0096D1AE /* LayoutMeasureCollectionViewConroller.swift in Sources */ = {isa = PBXBuildFile; fileRef = 37F7699621397C8C0096D1AE /* LayoutMeasureCollectionViewConroller.swift */; };
		37F7699A2139976E0096D1AE /* TagLabelCell.swift in Sources */ = {isa = PBXBuildFile; fileRef = 37F769992139976E0096D1AE /* TagLabelCell.swift */; };
		37F7699C213997FE0096D1AE /* LSENSStringSizeViewController.swift in Sources */ = {isa = PBXBuildFile; fileRef = 37F7699B213997FE0096D1AE /* LSENSStringSizeViewController.swift */; };
		37F7699E2139984E0096D1AE /* RandomWordGenerator.swift in Sources */ = {isa = PBXBuildFile; fileRef = 37F7699D2139984E0096D1AE /* RandomWordGenerator.swift */; };
		37F769A02139A0C70096D1AE /* LSESizeThatFitsViewController.swift in Sources */ = {isa = PBXBuildFile; fileRef = 37F7699F2139A0C70096D1AE /* LSESizeThatFitsViewController.swift */; };
		37F769A22139A23F0096D1AE /* LSECacheViewController.swift in Sources */ = {isa = PBXBuildFile; fileRef = 37F769A12139A23F0096D1AE /* LSECacheViewController.swift */; };
		93821EFE0B972627A8E18B20 /* Pods_iOSPerformanceTest.framework in Frameworks */ = {isa = PBXBuildFile; fileRef = B449B7DBF310054A3CC6E2CD /* Pods_iOSPerformanceTest.framework */; };
/* End PBXBuildFile section */

/* Begin PBXFileReference section */
		37EE578521396610007D1607 /* iOSPerformanceTest.app */ = {isa = PBXFileReference; explicitFileType = wrapper.application; includeInIndex = 0; path = iOSPerformanceTest.app; sourceTree = BUILT_PRODUCTS_DIR; };
		37EE578821396610007D1607 /* AppDelegate.swift */ = {isa = PBXFileReference; lastKnownFileType = sourcecode.swift; path = AppDelegate.swift; sourceTree = "<group>"; };
		37EE578A21396611007D1607 /* HomeViewController.swift */ = {isa = PBXFileReference; lastKnownFileType = sourcecode.swift; path = HomeViewController.swift; sourceTree = "<group>"; };
		37EE578D21396611007D1607 /* Base */ = {isa = PBXFileReference; lastKnownFileType = file.storyboard; name = Base; path = Base.lproj/Main.storyboard; sourceTree = "<group>"; };
		37EE578F21396611007D1607 /* Assets.xcassets */ = {isa = PBXFileReference; lastKnownFileType = folder.assetcatalog; path = Assets.xcassets; sourceTree = "<group>"; };
		37EE579221396611007D1607 /* Base */ = {isa = PBXFileReference; lastKnownFileType = file.storyboard; name = Base; path = Base.lproj/LaunchScreen.storyboard; sourceTree = "<group>"; };
		37EE579421396611007D1607 /* Info.plist */ = {isa = PBXFileReference; lastKnownFileType = text.plist.xml; path = Info.plist; sourceTree = "<group>"; };
		37EE579B21396691007D1607 /* SICNormalViewController.swift */ = {isa = PBXFileReference; fileEncoding = 4; lastKnownFileType = sourcecode.swift; path = SICNormalViewController.swift; sourceTree = "<group>"; };
		37EE579C21396692007D1607 /* SICImagedViewController.swift */ = {isa = PBXFileReference; fileEncoding = 4; lastKnownFileType = sourcecode.swift; path = SICImagedViewController.swift; sourceTree = "<group>"; };
		37EE579D21396692007D1607 /* LabelCell.swift */ = {isa = PBXFileReference; fileEncoding = 4; lastKnownFileType = sourcecode.swift; path = LabelCell.swift; sourceTree = "<group>"; };
		37EE579E21396692007D1607 /* DelayedCell.swift */ = {isa = PBXFileReference; fileEncoding = 4; lastKnownFileType = sourcecode.swift; path = DelayedCell.swift; sourceTree = "<group>"; };
		37EE57A421396BEC007D1607 /* LSITextureAtlasViewController.swift */ = {isa = PBXFileReference; fileEncoding = 4; lastKnownFileType = sourcecode.swift; path = LSITextureAtlasViewController.swift; sourceTree = "<group>"; };
		37EE57A721396C0C007D1607 /* ImageCell.swift */ = {isa = PBXFileReference; fileEncoding = 4; lastKnownFileType = sourcecode.swift; path = ImageCell.swift; sourceTree = "<group>"; };
		37EE57A921396C30007D1607 /* Util.swift */ = {isa = PBXFileReference; fileEncoding = 4; lastKnownFileType = sourcecode.swift; path = Util.swift; sourceTree = "<group>"; };
		37EE57AB21396C4A007D1607 /* LSINormalViewController.swift */ = {isa = PBXFileReference; fileEncoding = 4; lastKnownFileType = sourcecode.swift; path = LSINormalViewController.swift; sourceTree = "<group>"; };
		37EE57AD21396C51007D1607 /* Icon.swift */ = {isa = PBXFileReference; fileEncoding = 4; lastKnownFileType = sourcecode.swift; path = Icon.swift; sourceTree = "<group>"; };
		37EE57AF21396C57007D1607 /* icons.atlas */ = {isa = PBXFileReference; lastKnownFileType = folder.skatlas; path = icons.atlas; sourceTree = "<group>"; };
		37EE57B221396E2D007D1607 /* SpriteKit.framework */ = {isa = PBXFileReference; lastKnownFileType = wrapper.framework; name = SpriteKit.framework; path = System/Library/Frameworks/SpriteKit.framework; sourceTree = SDKROOT; };
		37F76994213978B60096D1AE /* LSILazySetViewController.swift */ = {isa = PBXFileReference; lastKnownFileType = sourcecode.swift; path = LSILazySetViewController.swift; sourceTree = "<group>"; };
		37F7699621397C8C0096D1AE /* LayoutMeasureCollectionViewConroller.swift */ = {isa = PBXFileReference; lastKnownFileType = sourcecode.swift; path = LayoutMeasureCollectionViewConroller.swift; sourceTree = "<group>"; };
		37F769992139976E0096D1AE /* TagLabelCell.swift */ = {isa = PBXFileReference; lastKnownFileType = sourcecode.swift; path = TagLabelCell.swift; sourceTree = "<group>"; };
		37F7699B213997FE0096D1AE /* LSENSStringSizeViewController.swift */ = {isa = PBXFileReference; lastKnownFileType = sourcecode.swift; path = LSENSStringSizeViewController.swift; sourceTree = "<group>"; };
		37F7699D2139984E0096D1AE /* RandomWordGenerator.swift */ = {isa = PBXFileReference; lastKnownFileType = sourcecode.swift; path = RandomWordGenerator.swift; sourceTree = "<group>"; };
		37F7699F2139A0C70096D1AE /* LSESizeThatFitsViewController.swift */ = {isa = PBXFileReference; lastKnownFileType = sourcecode.swift; path = LSESizeThatFitsViewController.swift; sourceTree = "<group>"; };
		37F769A12139A23F0096D1AE /* LSECacheViewController.swift */ = {isa = PBXFileReference; lastKnownFileType = sourcecode.swift; path = LSECacheViewController.swift; sourceTree = "<group>"; };
		53A0CB7441921F5242B6D106 /* Pods-iOSPerformanceTest.debug.xcconfig */ = {isa = PBXFileReference; includeInIndex = 1; lastKnownFileType = text.xcconfig; name = "Pods-iOSPerformanceTest.debug.xcconfig"; path = "Pods/Target Support Files/Pods-iOSPerformanceTest/Pods-iOSPerformanceTest.debug.xcconfig"; sourceTree = "<group>"; };
		A17C173C7B28BED0F75C65A3 /* Pods-iOSPerformanceTest.release.xcconfig */ = {isa = PBXFileReference; includeInIndex = 1; lastKnownFileType = text.xcconfig; name = "Pods-iOSPerformanceTest.release.xcconfig"; path = "Pods/Target Support Files/Pods-iOSPerformanceTest/Pods-iOSPerformanceTest.release.xcconfig"; sourceTree = "<group>"; };
		B449B7DBF310054A3CC6E2CD /* Pods_iOSPerformanceTest.framework */ = {isa = PBXFileReference; explicitFileType = wrapper.framework; includeInIndex = 0; path = Pods_iOSPerformanceTest.framework; sourceTree = BUILT_PRODUCTS_DIR; };
/* End PBXFileReference section */

/* Begin PBXFrameworksBuildPhase section */
		37EE578221396610007D1607 /* Frameworks */ = {
			isa = PBXFrameworksBuildPhase;
			buildActionMask = 2147483647;
			files = (
				93821EFE0B972627A8E18B20 /* Pods_iOSPerformanceTest.framework in Frameworks */,
			);
			runOnlyForDeploymentPostprocessing = 0;
		};
/* End PBXFrameworksBuildPhase section */

/* Begin PBXGroup section */
		37EE577C21396610007D1607 = {
			isa = PBXGroup;
			children = (
				37EE578721396610007D1607 /* iOSPerformanceTest */,
				37EE578621396610007D1607 /* Products */,
				37EE57B121396E2D007D1607 /* Frameworks */,
				8F01E09185020AD7A4CE7C4B /* Pods */,
			);
			sourceTree = "<group>";
		};
		37EE578621396610007D1607 /* Products */ = {
			isa = PBXGroup;
			children = (
				37EE578521396610007D1607 /* iOSPerformanceTest.app */,
			);
			name = Products;
			sourceTree = "<group>";
		};
		37EE578721396610007D1607 /* iOSPerformanceTest */ = {
			isa = PBXGroup;
			children = (
				37EE578821396610007D1607 /* AppDelegate.swift */,
				37EE578A21396611007D1607 /* HomeViewController.swift */,
				37EE57B521396F2F007D1607 /* Tests */,
				37EE57A621396BFA007D1607 /* Cells */,
				37EE57B621396F48007D1607 /* Utils */,
				37EE57B421396EBE007D1607 /* Resources */,
			);
			path = iOSPerformanceTest;
			sourceTree = "<group>";
		};
		37EE579A2139667D007D1607 /* SlowInitializedCell */ = {
			isa = PBXGroup;
			children = (
				37EE579B21396691007D1607 /* SICNormalViewController.swift */,
				37EE579C21396692007D1607 /* SICImagedViewController.swift */,
				37EE579E21396692007D1607 /* DelayedCell.swift */,
			);
			path = SlowInitializedCell;
			sourceTree = "<group>";
		};
		37EE57A321396BCD007D1607 /* LoadSmallImages */ = {
			isa = PBXGroup;
			children = (
				37EE57AD21396C51007D1607 /* Icon.swift */,
				37EE57AB21396C4A007D1607 /* LSINormalViewController.swift */,
				37F76994213978B60096D1AE /* LSILazySetViewController.swift */,
				37EE57A421396BEC007D1607 /* LSITextureAtlasViewController.swift */,
			);
			path = LoadSmallImages;
			sourceTree = "<group>";
		};
		37EE57A621396BFA007D1607 /* Cells */ = {
			isa = PBXGroup;
			children = (
				37EE57A721396C0C007D1607 /* ImageCell.swift */,
				37EE579D21396692007D1607 /* LabelCell.swift */,
			);
			path = Cells;
			sourceTree = "<group>";
		};
		37EE57B121396E2D007D1607 /* Frameworks */ = {
			isa = PBXGroup;
			children = (
				37EE57B221396E2D007D1607 /* SpriteKit.framework */,
				B449B7DBF310054A3CC6E2CD /* Pods_iOSPerformanceTest.framework */,
			);
			name = Frameworks;
			sourceTree = "<group>";
		};
		37EE57B421396EBE007D1607 /* Resources */ = {
			isa = PBXGroup;
			children = (
				37EE578C21396611007D1607 /* Main.storyboard */,
				37EE578F21396611007D1607 /* Assets.xcassets */,
				37EE579121396611007D1607 /* LaunchScreen.storyboard */,
				37EE579421396611007D1607 /* Info.plist */,
				37EE57AF21396C57007D1607 /* icons.atlas */,
			);
			path = Resources;
			sourceTree = "<group>";
		};
		37EE57B521396F2F007D1607 /* Tests */ = {
			isa = PBXGroup;
			children = (
				37EE579A2139667D007D1607 /* SlowInitializedCell */,
				37EE57A321396BCD007D1607 /* LoadSmallImages */,
				37F769982139963A0096D1AE /* LabelSizeEstimates */,
			);
			path = Tests;
			sourceTree = "<group>";
		};
		37EE57B621396F48007D1607 /* Utils */ = {
			isa = PBXGroup;
			children = (
				37EE57A921396C30007D1607 /* Util.swift */,
				37F7699621397C8C0096D1AE /* LayoutMeasureCollectionViewConroller.swift */,
			);
			path = Utils;
			sourceTree = "<group>";
		};
		37F769982139963A0096D1AE /* LabelSizeEstimates */ = {
			isa = PBXGroup;
			children = (
				37F769992139976E0096D1AE /* TagLabelCell.swift */,
				37F7699B213997FE0096D1AE /* LSENSStringSizeViewController.swift */,
				37F7699F2139A0C70096D1AE /* LSESizeThatFitsViewController.swift */,
				37F769A12139A23F0096D1AE /* LSECacheViewController.swift */,
				37F7699D2139984E0096D1AE /* RandomWordGenerator.swift */,
			);
			path = LabelSizeEstimates;
			sourceTree = "<group>";
		};
		8F01E09185020AD7A4CE7C4B /* Pods */ = {
			isa = PBXGroup;
			children = (
				53A0CB7441921F5242B6D106 /* Pods-iOSPerformanceTest.debug.xcconfig */,
				A17C173C7B28BED0F75C65A3 /* Pods-iOSPerformanceTest.release.xcconfig */,
			);
			name = Pods;
			sourceTree = "<group>";
		};
/* End PBXGroup section */

/* Begin PBXNativeTarget section */
		37EE578421396610007D1607 /* iOSPerformanceTest */ = {
			isa = PBXNativeTarget;
			buildConfigurationList = 37EE579721396611007D1607 /* Build configuration list for PBXNativeTarget "iOSPerformanceTest" */;
			buildPhases = (
				F864239172431F27200C14C0 /* [CP] Check Pods Manifest.lock */,
				37EE578121396610007D1607 /* Sources */,
				37EE578221396610007D1607 /* Frameworks */,
				37EE578321396610007D1607 /* Resources */,
				24430269CB6011EC60F4B4BB /* [CP] Embed Pods Frameworks */,
			);
			buildRules = (
			);
			dependencies = (
			);
			name = iOSPerformanceTest;
			productName = iOSPerformanceTest;
			productReference = 37EE578521396610007D1607 /* iOSPerformanceTest.app */;
			productType = "com.apple.product-type.application";
		};
/* End PBXNativeTarget section */

/* Begin PBXProject section */
		37EE577D21396610007D1607 /* Project object */ = {
			isa = PBXProject;
			attributes = {
				LastSwiftUpdateCheck = 0940;
				LastUpgradeCheck = 0940;
				ORGANIZATIONNAME = kenta;
				TargetAttributes = {
					37EE578421396610007D1607 = {
						CreatedOnToolsVersion = 9.4.1;
					};
				};
			};
			buildConfigurationList = 37EE578021396610007D1607 /* Build configuration list for PBXProject "iOSPerformanceTest" */;
			compatibilityVersion = "Xcode 9.3";
			developmentRegion = en;
			hasScannedForEncodings = 0;
			knownRegions = (
				en,
				Base,
			);
			mainGroup = 37EE577C21396610007D1607;
			productRefGroup = 37EE578621396610007D1607 /* Products */;
			projectDirPath = "";
			projectRoot = "";
			targets = (
				37EE578421396610007D1607 /* iOSPerformanceTest */,
			);
		};
/* End PBXProject section */

/* Begin PBXResourcesBuildPhase section */
		37EE578321396610007D1607 /* Resources */ = {
			isa = PBXResourcesBuildPhase;
			buildActionMask = 2147483647;
			files = (
				37EE579321396611007D1607 /* LaunchScreen.storyboard in Resources */,
				37EE579021396611007D1607 /* Assets.xcassets in Resources */,
				37EE57B021396C57007D1607 /* icons.atlas in Resources */,
				37EE578E21396611007D1607 /* Main.storyboard in Resources */,
			);
			runOnlyForDeploymentPostprocessing = 0;
		};
/* End PBXResourcesBuildPhase section */

/* Begin PBXShellScriptBuildPhase section */
		24430269CB6011EC60F4B4BB /* [CP] Embed Pods Frameworks */ = {
			isa = PBXShellScriptBuildPhase;
			buildActionMask = 2147483647;
			files = (
			);
			inputPaths = (
				"${SRCROOT}/Pods/Target Support Files/Pods-iOSPerformanceTest/Pods-iOSPerformanceTest-frameworks.sh",
				"${BUILT_PRODUCTS_DIR}/PKHUD/PKHUD.framework",
			);
			name = "[CP] Embed Pods Frameworks";
			outputPaths = (
				"${TARGET_BUILD_DIR}/${FRAMEWORKS_FOLDER_PATH}/PKHUD.framework",
			);
			runOnlyForDeploymentPostprocessing = 0;
			shellPath = /bin/sh;
			shellScript = "\"${SRCROOT}/Pods/Target Support Files/Pods-iOSPerformanceTest/Pods-iOSPerformanceTest-frameworks.sh\"\n";
			showEnvVarsInLog = 0;
		};
		F864239172431F27200C14C0 /* [CP] Check Pods Manifest.lock */ = {
			isa = PBXShellScriptBuildPhase;
			buildActionMask = 2147483647;
			files = (
			);
			inputPaths = (
				"${PODS_PODFILE_DIR_PATH}/Podfile.lock",
				"${PODS_ROOT}/Manifest.lock",
			);
			name = "[CP] Check Pods Manifest.lock";
			outputPaths = (
				"$(DERIVED_FILE_DIR)/Pods-iOSPerformanceTest-checkManifestLockResult.txt",
			);
			runOnlyForDeploymentPostprocessing = 0;
			shellPath = /bin/sh;
			shellScript = "diff \"${PODS_PODFILE_DIR_PATH}/Podfile.lock\" \"${PODS_ROOT}/Manifest.lock\" > /dev/null\nif [ $? != 0 ] ; then\n    # print error to STDERR\n    echo \"error: The sandbox is not in sync with the Podfile.lock. Run 'pod install' or update your CocoaPods installation.\" >&2\n    exit 1\nfi\n# This output is used by Xcode 'outputs' to avoid re-running this script phase.\necho \"SUCCESS\" > \"${SCRIPT_OUTPUT_FILE_0}\"\n";
			showEnvVarsInLog = 0;
		};
/* End PBXShellScriptBuildPhase section */

/* Begin PBXSourcesBuildPhase section */
		37EE578121396610007D1607 /* Sources */ = {
			isa = PBXSourcesBuildPhase;
			buildActionMask = 2147483647;
			files = (
				37EE57AC21396C4A007D1607 /* LSINormalViewController.swift in Sources */,
				37EE579F21396692007D1607 /* SICNormalViewController.swift in Sources */,
				37EE57AA21396C30007D1607 /* Util.swift in Sources */,
				37EE578B21396611007D1607 /* HomeViewController.swift in Sources */,
				37F7699C213997FE0096D1AE /* LSENSStringSizeViewController.swift in Sources */,
				37EE57A221396692007D1607 /* DelayedCell.swift in Sources */,
				37EE57A121396692007D1607 /* LabelCell.swift in Sources */,
				37EE57AE21396C51007D1607 /* Icon.swift in Sources */,
				37F7699E2139984E0096D1AE /* RandomWordGenerator.swift in Sources */,
				37F76995213978B60096D1AE /* LSILazySetViewController.swift in Sources */,
				37F769A22139A23F0096D1AE /* LSECacheViewController.swift in Sources */,
				37EE57A521396BEC007D1607 /* LSITextureAtlasViewController.swift in Sources */,
				37F769A02139A0C70096D1AE /* LSESizeThatFitsViewController.swift in Sources */,
				37EE57A821396C0C007D1607 /* ImageCell.swift in Sources */,
				37EE57A021396692007D1607 /* SICImagedViewController.swift in Sources */,
				37F7699A2139976E0096D1AE /* TagLabelCell.swift in Sources */,
				37EE578921396610007D1607 /* AppDelegate.swift in Sources */,
				37F7699721397C8C0096D1AE /* LayoutMeasureCollectionViewConroller.swift in Sources */,
			);
			runOnlyForDeploymentPostprocessing = 0;
		};
/* End PBXSourcesBuildPhase section */

/* Begin PBXVariantGroup section */
		37EE578C21396611007D1607 /* Main.storyboard */ = {
			isa = PBXVariantGroup;
			children = (
				37EE578D21396611007D1607 /* Base */,
			);
			name = Main.storyboard;
			sourceTree = "<group>";
		};
		37EE579121396611007D1607 /* LaunchScreen.storyboard */ = {
			isa = PBXVariantGroup;
			children = (
				37EE579221396611007D1607 /* Base */,
			);
			name = LaunchScreen.storyboard;
			sourceTree = "<group>";
		};
/* End PBXVariantGroup section */

/* Begin XCBuildConfiguration section */
		37EE579521396611007D1607 /* Debug */ = {
			isa = XCBuildConfiguration;
			buildSettings = {
				ALWAYS_SEARCH_USER_PATHS = NO;
				CLANG_ANALYZER_NONNULL = YES;
				CLANG_ANALYZER_NUMBER_OBJECT_CONVERSION = YES_AGGRESSIVE;
				CLANG_CXX_LANGUAGE_STANDARD = "gnu++14";
				CLANG_CXX_LIBRARY = "libc++";
				CLANG_ENABLE_MODULES = YES;
				CLANG_ENABLE_OBJC_ARC = YES;
				CLANG_ENABLE_OBJC_WEAK = YES;
				CLANG_WARN_BLOCK_CAPTURE_AUTORELEASING = YES;
				CLANG_WARN_BOOL_CONVERSION = YES;
				CLANG_WARN_COMMA = YES;
				CLANG_WARN_CONSTANT_CONVERSION = YES;
				CLANG_WARN_DEPRECATED_OBJC_IMPLEMENTATIONS = YES;
				CLANG_WARN_DIRECT_OBJC_ISA_USAGE = YES_ERROR;
				CLANG_WARN_DOCUMENTATION_COMMENTS = YES;
				CLANG_WARN_EMPTY_BODY = YES;
				CLANG_WARN_ENUM_CONVERSION = YES;
				CLANG_WARN_INFINITE_RECURSION = YES;
				CLANG_WARN_INT_CONVERSION = YES;
				CLANG_WARN_NON_LITERAL_NULL_CONVERSION = YES;
				CLANG_WARN_OBJC_IMPLICIT_RETAIN_SELF = YES;
				CLANG_WARN_OBJC_LITERAL_CONVERSION = YES;
				CLANG_WARN_OBJC_ROOT_CLASS = YES_ERROR;
				CLANG_WARN_RANGE_LOOP_ANALYSIS = YES;
				CLANG_WARN_STRICT_PROTOTYPES = YES;
				CLANG_WARN_SUSPICIOUS_MOVE = YES;
				CLANG_WARN_UNGUARDED_AVAILABILITY = YES_AGGRESSIVE;
				CLANG_WARN_UNREACHABLE_CODE = YES;
				CLANG_WARN__DUPLICATE_METHOD_MATCH = YES;
				CODE_SIGN_IDENTITY = "iPhone Developer";
				COPY_PHASE_STRIP = NO;
				DEBUG_INFORMATION_FORMAT = dwarf;
				ENABLE_STRICT_OBJC_MSGSEND = YES;
				ENABLE_TESTABILITY = YES;
				GCC_C_LANGUAGE_STANDARD = gnu11;
				GCC_DYNAMIC_NO_PIC = NO;
				GCC_NO_COMMON_BLOCKS = YES;
				GCC_OPTIMIZATION_LEVEL = 0;
				GCC_PREPROCESSOR_DEFINITIONS = (
					"DEBUG=1",
					"$(inherited)",
				);
				GCC_WARN_64_TO_32_BIT_CONVERSION = YES;
				GCC_WARN_ABOUT_RETURN_TYPE = YES_ERROR;
				GCC_WARN_UNDECLARED_SELECTOR = YES;
				GCC_WARN_UNINITIALIZED_AUTOS = YES_AGGRESSIVE;
				GCC_WARN_UNUSED_FUNCTION = YES;
				GCC_WARN_UNUSED_VARIABLE = YES;
				IPHONEOS_DEPLOYMENT_TARGET = 11.4;
				MTL_ENABLE_DEBUG_INFO = YES;
				ONLY_ACTIVE_ARCH = YES;
				SDKROOT = iphoneos;
				SWIFT_ACTIVE_COMPILATION_CONDITIONS = DEBUG;
				SWIFT_OPTIMIZATION_LEVEL = "-Onone";
			};
			name = Debug;
		};
		37EE579621396611007D1607 /* Release */ = {
			isa = XCBuildConfiguration;
			buildSettings = {
				ALWAYS_SEARCH_USER_PATHS = NO;
				CLANG_ANALYZER_NONNULL = YES;
				CLANG_ANALYZER_NUMBER_OBJECT_CONVERSION = YES_AGGRESSIVE;
				CLANG_CXX_LANGUAGE_STANDARD = "gnu++14";
				CLANG_CXX_LIBRARY = "libc++";
				CLANG_ENABLE_MODULES = YES;
				CLANG_ENABLE_OBJC_ARC = YES;
				CLANG_ENABLE_OBJC_WEAK = YES;
				CLANG_WARN_BLOCK_CAPTURE_AUTORELEASING = YES;
				CLANG_WARN_BOOL_CONVERSION = YES;
				CLANG_WARN_COMMA = YES;
				CLANG_WARN_CONSTANT_CONVERSION = YES;
				CLANG_WARN_DEPRECATED_OBJC_IMPLEMENTATIONS = YES;
				CLANG_WARN_DIRECT_OBJC_ISA_USAGE = YES_ERROR;
				CLANG_WARN_DOCUMENTATION_COMMENTS = YES;
				CLANG_WARN_EMPTY_BODY = YES;
				CLANG_WARN_ENUM_CONVERSION = YES;
				CLANG_WARN_INFINITE_RECURSION = YES;
				CLANG_WARN_INT_CONVERSION = YES;
				CLANG_WARN_NON_LITERAL_NULL_CONVERSION = YES;
				CLANG_WARN_OBJC_IMPLICIT_RETAIN_SELF = YES;
				CLANG_WARN_OBJC_LITERAL_CONVERSION = YES;
				CLANG_WARN_OBJC_ROOT_CLASS = YES_ERROR;
				CLANG_WARN_RANGE_LOOP_ANALYSIS = YES;
				CLANG_WARN_STRICT_PROTOTYPES = YES;
				CLANG_WARN_SUSPICIOUS_MOVE = YES;
				CLANG_WARN_UNGUARDED_AVAILABILITY = YES_AGGRESSIVE;
				CLANG_WARN_UNREACHABLE_CODE = YES;
				CLANG_WARN__DUPLICATE_METHOD_MATCH = YES;
				CODE_SIGN_IDENTITY = "iPhone Developer";
				COPY_PHASE_STRIP = NO;
				DEBUG_INFORMATION_FORMAT = "dwarf-with-dsym";
				ENABLE_NS_ASSERTIONS = NO;
				ENABLE_STRICT_OBJC_MSGSEND = YES;
				GCC_C_LANGUAGE_STANDARD = gnu11;
				GCC_NO_COMMON_BLOCKS = YES;
				GCC_WARN_64_TO_32_BIT_CONVERSION = YES;
				GCC_WARN_ABOUT_RETURN_TYPE = YES_ERROR;
				GCC_WARN_UNDECLARED_SELECTOR = YES;
				GCC_WARN_UNINITIALIZED_AUTOS = YES_AGGRESSIVE;
				GCC_WARN_UNUSED_FUNCTION = YES;
				GCC_WARN_UNUSED_VARIABLE = YES;
				IPHONEOS_DEPLOYMENT_TARGET = 11.4;
				MTL_ENABLE_DEBUG_INFO = NO;
				SDKROOT = iphoneos;
				SWIFT_COMPILATION_MODE = wholemodule;
				SWIFT_OPTIMIZATION_LEVEL = "-O";
				VALIDATE_PRODUCT = YES;
			};
			name = Release;
		};
		37EE579821396611007D1607 /* Debug */ = {
			isa = XCBuildConfiguration;
			baseConfigurationReference = 53A0CB7441921F5242B6D106 /* Pods-iOSPerformanceTest.debug.xcconfig */;
			buildSettings = {
				ASSETCATALOG_COMPILER_APPICON_NAME = AppIcon;
				CODE_SIGN_STYLE = Automatic;
				DEBUG_INFORMATION_FORMAT = "dwarf-with-dsym";
				DEVELOPMENT_TEAM = R3M694BK62;
				GCC_OPTIMIZATION_LEVEL = s;
				INFOPLIST_FILE = iOSPerformanceTest/Resources/Info.plist;
				LD_RUNPATH_SEARCH_PATHS = (
					"$(inherited)",
					"@executable_path/Frameworks",
				);
				PRODUCT_BUNDLE_IDENTIFIER = com.gmail.side.junktown.iOSPerformanceTest;
				PRODUCT_NAME = "$(TARGET_NAME)";
				SWIFT_VERSION = 4.0;
				TARGETED_DEVICE_FAMILY = "1,2";
			};
			name = Debug;
		};
		37EE579921396611007D1607 /* Release */ = {
			isa = XCBuildConfiguration;
			baseConfigurationReference = A17C173C7B28BED0F75C65A3 /* Pods-iOSPerformanceTest.release.xcconfig */;
			buildSettings = {
				ASSETCATALOG_COMPILER_APPICON_NAME = AppIcon;
				CODE_SIGN_STYLE = Automatic;
				DEBUG_INFORMATION_FORMAT = "dwarf-with-dsym";
				DEVELOPMENT_TEAM = R3M694BK62;
				INFOPLIST_FILE = iOSPerformanceTest/Resources/Info.plist;
				LD_RUNPATH_SEARCH_PATHS = (
					"$(inherited)",
					"@executable_path/Frameworks",
				);
				PRODUCT_BUNDLE_IDENTIFIER = com.gmail.side.junktown.iOSPerformanceTest;
				PRODUCT_NAME = "$(TARGET_NAME)";
				SWIFT_VERSION = 4.0;
				TARGETED_DEVICE_FAMILY = "1,2";
			};
			name = Release;
		};
/* End XCBuildConfiguration section */

/* Begin XCConfigurationList section */
		37EE578021396610007D1607 /* Build configuration list for PBXProject "iOSPerformanceTest" */ = {
			isa = XCConfigurationList;
			buildConfigurations = (
				37EE579521396611007D1607 /* Debug */,
				37EE579621396611007D1607 /* Release */,
			);
			defaultConfigurationIsVisible = 0;
			defaultConfigurationName = Release;
		};
		37EE579721396611007D1607 /* Build configuration list for PBXNativeTarget "iOSPerformanceTest" */ = {
			isa = XCConfigurationList;
			buildConfigurations = (
				37EE579821396611007D1607 /* Debug */,
				37EE579921396611007D1607 /* Release */,
			);
			defaultConfigurationIsVisible = 0;
			defaultConfigurationName = Release;
		};
/* End XCConfigurationList section */
	};
	rootObject = 37EE577D21396610007D1607 /* Project object */;
}
